
Microsoft Visual Studio Solution File, Format Version 12.00
# Visual Studio Version 16
VisualStudioVersion = 16.0.32630.194
MinimumVisualStudioVersion = 10.0.40219.1
Project("{FAE04EC0-301F-11D3-BF4B-00C04F79EFBC}") = "ConsoleApp", "ConsoleApp\ConsoleApp.csproj", "{3AFF6666-4D9B-465E-9817-A4D31E8767AE}"
EndProject
Global
	GlobalSection(SolutionConfigurationPlatforms) = preSolution
		Debug|Any CPU = Debug|Any CPU
		Release|Any CPU = Release|Any CPU
	EndGlobalSection
	GlobalSection(ProjectConfigurationPlatforms) = postSolution
		{3AFF6666-4D9B-465E-9817-A4D31E8767AE}.Debug|Any CPU.ActiveCfg = Debug|Any CPU
		{3AFF6666-4D9B-465E-9817-A4D31E8767AE}.Debug|Any CPU.Build.0 = Debug|Any CPU
		{3AFF6666-4D9B-465E-9817-A4D31E8767AE}.Release|Any CPU.ActiveCfg = Release|Any CPU
		{3AFF6666-4D9B-465E-9817-A4D31E8767AE}.Release|Any CPU.Build.0 = Release|Any CPU
	EndGlobalSection
	GlobalSection(SolutionProperties) = preSolution
		HideSolutionNode = FALSE
	EndGlobalSection
	GlobalSection(ExtensibilityGlobals) = postSolution
		SolutionGuid = {F45F8CC6-05C1-49C5-B249-005EC49C8E0D}
	EndGlobalSection
EndGlobal
